
Microsoft Visual Studio Solution File, Format Version 12.00
# Visual Studio 15
VisualStudioVersion = 15.0.28307.645
MinimumVisualStudioVersion = 10.0.40219.1
Project("{FAE04EC0-301F-11D3-BF4B-00C04F79EFBC}") = "WeatherWidget", "WeatherWidget\WeatherWidget.csproj", "{86373FE4-0D8D-4ECA-9201-D83E777C9764}"
EndProject
Global
	GlobalSection(SolutionConfigurationPlatforms) = preSolution
		Debug|Any CPU = Debug|Any CPU
		Release|Any CPU = Release|Any CPU
	EndGlobalSection
	GlobalSection(ProjectConfigurationPlatforms) = postSolution
		{86373FE4-0D8D-4ECA-9201-D83E777C9764}.Debug|Any CPU.ActiveCfg = Debug|Any CPU
		{86373FE4-0D8D-4ECA-9201-D83E777C9764}.Debug|Any CPU.Build.0 = Debug|Any CPU
		{86373FE4-0D8D-4ECA-9201-D83E777C9764}.Release|Any CPU.ActiveCfg = Release|Any CPU
		{86373FE4-0D8D-4ECA-9201-D83E777C9764}.Release|Any CPU.Build.0 = Release|Any CPU
	EndGlobalSection
	GlobalSection(SolutionProperties) = preSolution
		HideSolutionNode = FALSE
	EndGlobalSection
	GlobalSection(ExtensibilityGlobals) = postSolution
		SolutionGuid = {E5AE25E6-386F-48CF-8D5C-959FC386DB95}
	EndGlobalSection
EndGlobal
